// !$*UTF8*$!
{
	archiveVersion = 1;
	classes = {
	};
	objectVersion = 46;
	objects = {

/* Begin PBXBuildFile section */
		06FD00561AA3E5A2007F7ED0 /* AppDelegate.swift in Sources */ = {isa = PBXBuildFile; fileRef = 06FD00551AA3E5A2007F7ED0 /* AppDelegate.swift */; };
		06FD00581AA3E5A2007F7ED0 /* ViewController.swift in Sources */ = {isa = PBXBuildFile; fileRef = 06FD00571AA3E5A2007F7ED0 /* ViewController.swift */; };
		06FD005B1AA3E5A2007F7ED0 /* Main.storyboard in Resources */ = {isa = PBXBuildFile; fileRef = 06FD00591AA3E5A2007F7ED0 /* Main.storyboard */; };
		06FD005D1AA3E5A2007F7ED0 /* Images.xcassets in Resources */ = {isa = PBXBuildFile; fileRef = 06FD005C1AA3E5A2007F7ED0 /* Images.xcassets */; };
		06FD00601AA3E5A2007F7ED0 /* LaunchScreen.xib in Resources */ = {isa = PBXBuildFile; fileRef = 06FD005E1AA3E5A2007F7ED0 /* LaunchScreen.xib */; };
		06FD006C1AA3E5A2007F7ED0 /* Coffee_TimerTests.swift in Sources */ = {isa = PBXBuildFile; fileRef = 06FD006B1AA3E5A2007F7ED0 /* Coffee_TimerTests.swift */; };
/* End PBXBuildFile section */

/* Begin PBXContainerItemProxy section */
		06FD00661AA3E5A2007F7ED0 /* PBXContainerItemProxy */ = {
			isa = PBXContainerItemProxy;
			containerPortal = 06FD00481AA3E5A2007F7ED0 /* Project object */;
			proxyType = 1;
			remoteGlobalIDString = 06FD004F1AA3E5A2007F7ED0;
			remoteInfo = "Coffee Timer";
		};
/* End PBXContainerItemProxy section */

/* Begin PBXFileReference section */
		06FD00501AA3E5A2007F7ED0 /* Coffee Timer.app */ = {isa = PBXFileReference; explicitFileType = wrapper.application; includeInIndex = 0; path = "Coffee Timer.app"; sourceTree = BUILT_PRODUCTS_DIR; };
		06FD00541AA3E5A2007F7ED0 /* Info.plist */ = {isa = PBXFileReference; lastKnownFileType = text.plist.xml; path = Info.plist; sourceTree = "<group>"; };
		06FD00551AA3E5A2007F7ED0 /* AppDelegate.swift */ = {isa = PBXFileReference; lastKnownFileType = sourcecode.swift; path = AppDelegate.swift; sourceTree = "<group>"; };
		06FD00571AA3E5A2007F7ED0 /* ViewController.swift */ = {isa = PBXFileReference; lastKnownFileType = sourcecode.swift; path = ViewController.swift; sourceTree = "<group>"; };
		06FD005A1AA3E5A2007F7ED0 /* Base */ = {isa = PBXFileReference; lastKnownFileType = file.storyboard; name = Base; path = Base.lproj/Main.storyboard; sourceTree = "<group>"; };
		06FD005C1AA3E5A2007F7ED0 /* Images.xcassets */ = {isa = PBXFileReference; lastKnownFileType = folder.assetcatalog; path = Images.xcassets; sourceTree = "<group>"; };
		06FD005F1AA3E5A2007F7ED0 /* Base */ = {isa = PBXFileReference; lastKnownFileType = file.xib; name = Base; path = Base.lproj/LaunchScreen.xib; sourceTree = "<group>"; };
		06FD00651AA3E5A2007F7ED0 /* Coffee TimerTests.xctest */ = {isa = PBXFileReference; explicitFileType = wrapper.cfbundle; includeInIndex = 0; path = "Coffee TimerTests.xctest"; sourceTree = BUILT_PRODUCTS_DIR; };
		06FD006A1AA3E5A2007F7ED0 /* Info.plist */ = {isa = PBXFileReference; lastKnownFileType = text.plist.xml; path = Info.plist; sourceTree = "<group>"; };
		06FD006B1AA3E5A2007F7ED0 /* Coffee_TimerTests.swift */ = {isa = PBXFileReference; lastKnownFileType = sourcecode.swift; path = Coffee_TimerTests.swift; sourceTree = "<group>"; };
/* End PBXFileReference section */

/* Begin PBXFrameworksBuildPhase section */
		06FD004D1AA3E5A2007F7ED0 /* Frameworks */ = {
			isa = PBXFrameworksBuildPhase;
			buildActionMask = 2147483647;
			files = (
			);
			runOnlyForDeploymentPostprocessing = 0;
		};
		06FD00621AA3E5A2007F7ED0 /* Frameworks */ = {
			isa = PBXFrameworksBuildPhase;
			buildActionMask = 2147483647;
			files = (
			);
			runOnlyForDeploymentPostprocessing = 0;
		};
/* End PBXFrameworksBuildPhase section */

/* Begin PBXGroup section */
		06FD00471AA3E5A2007F7ED0 = {
			isa = PBXGroup;
			children = (
				06FD00521AA3E5A2007F7ED0 /* Coffee Timer */,
				06FD00681AA3E5A2007F7ED0 /* Coffee TimerTests */,
				06FD00511AA3E5A2007F7ED0 /* Products */,
			);
			sourceTree = "<group>";
		};
		06FD00511AA3E5A2007F7ED0 /* Products */ = {
			isa = PBXGroup;
			children = (
				06FD00501AA3E5A2007F7ED0 /* Coffee Timer.app */,
				06FD00651AA3E5A2007F7ED0 /* Coffee TimerTests.xctest */,
			);
			name = Products;
			sourceTree = "<group>";
		};
		06FD00521AA3E5A2007F7ED0 /* Coffee Timer */ = {
			isa = PBXGroup;
			children = (
				06FD00551AA3E5A2007F7ED0 /* AppDelegate.swift */,
				06FD00571AA3E5A2007F7ED0 /* ViewController.swift */,
				06FD00591AA3E5A2007F7ED0 /* Main.storyboard */,
				06FD005C1AA3E5A2007F7ED0 /* Images.xcassets */,
				06FD005E1AA3E5A2007F7ED0 /* LaunchScreen.xib */,
				06FD00531AA3E5A2007F7ED0 /* Supporting Files */,
			);
			path = "Coffee Timer";
			sourceTree = "<group>";
		};
		06FD00531AA3E5A2007F7ED0 /* Supporting Files */ = {
			isa = PBXGroup;
			children = (
				06FD00541AA3E5A2007F7ED0 /* Info.plist */,
			);
			name = "Supporting Files";
			sourceTree = "<group>";
		};
		06FD00681AA3E5A2007F7ED0 /* Coffee TimerTests */ = {
			isa = PBXGroup;
			children = (
				06FD006B1AA3E5A2007F7ED0 /* Coffee_TimerTests.swift */,
				06FD00691AA3E5A2007F7ED0 /* Supporting Files */,
			);
			path = "Coffee TimerTests";
			sourceTree = "<group>";
		};
		06FD00691AA3E5A2007F7ED0 /* Supporting Files */ = {
			isa = PBXGroup;
			children = (
				06FD006A1AA3E5A2007F7ED0 /* Info.plist */,
			);
			name = "Supporting Files";
			sourceTree = "<group>";
		};
/* End PBXGroup section */

/* Begin PBXNativeTarget section */
		06FD004F1AA3E5A2007F7ED0 /* Coffee Timer */ = {
			isa = PBXNativeTarget;
			buildConfigurationList = 06FD006F1AA3E5A2007F7ED0 /* Build configuration list for PBXNativeTarget "Coffee Timer" */;
			buildPhases = (
				06FD004C1AA3E5A2007F7ED0 /* Sources */,
				06FD004D1AA3E5A2007F7ED0 /* Frameworks */,
				06FD004E1AA3E5A2007F7ED0 /* Resources */,
			);
			buildRules = (
			);
			dependencies = (
			);
			name = "Coffee Timer";
			productName = "Coffee Timer";
			productReference = 06FD00501AA3E5A2007F7ED0 /* Coffee Timer.app */;
			productType = "com.apple.product-type.application";
		};
		06FD00641AA3E5A2007F7ED0 /* Coffee TimerTests */ = {
			isa = PBXNativeTarget;
			buildConfigurationList = 06FD00721AA3E5A2007F7ED0 /* Build configuration list for PBXNativeTarget "Coffee TimerTests" */;
			buildPhases = (
				06FD00611AA3E5A2007F7ED0 /* Sources */,
				06FD00621AA3E5A2007F7ED0 /* Frameworks */,
				06FD00631AA3E5A2007F7ED0 /* Resources */,
			);
			buildRules = (
			);
			dependencies = (
				06FD00671AA3E5A2007F7ED0 /* PBXTargetDependency */,
			);
			name = "Coffee TimerTests";
			productName = "Coffee TimerTests";
			productReference = 06FD00651AA3E5A2007F7ED0 /* Coffee TimerTests.xctest */;
			productType = "com.apple.product-type.bundle.unit-test";
		};
/* End PBXNativeTarget section */

/* Begin PBXProject section */
		06FD00481AA3E5A2007F7ED0 /* Project object */ = {
			isa = PBXProject;
			attributes = {
				LastUpgradeCheck = 0610;
				ORGANIZATIONNAME = "Fuad Saud";
				TargetAttributes = {
					06FD004F1AA3E5A2007F7ED0 = {
						CreatedOnToolsVersion = 6.1.1;
					};
					06FD00641AA3E5A2007F7ED0 = {
						CreatedOnToolsVersion = 6.1.1;
						TestTargetID = 06FD004F1AA3E5A2007F7ED0;
					};
				};
			};
			buildConfigurationList = 06FD004B1AA3E5A2007F7ED0 /* Build configuration list for PBXProject "Coffee Timer" */;
			compatibilityVersion = "Xcode 3.2";
			developmentRegion = English;
			hasScannedForEncodings = 0;
			knownRegions = (
				en,
				Base,
			);
			mainGroup = 06FD00471AA3E5A2007F7ED0;
			productRefGroup = 06FD00511AA3E5A2007F7ED0 /* Products */;
			projectDirPath = "";
			projectRoot = "";
			targets = (
				06FD004F1AA3E5A2007F7ED0 /* Coffee Timer */,
				06FD00641AA3E5A2007F7ED0 /* Coffee TimerTests */,
			);
		};
/* End PBXProject section */

/* Begin PBXResourcesBuildPhase section */
		06FD004E1AA3E5A2007F7ED0 /* Resources */ = {
			isa = PBXResourcesBuildPhase;
			buildActionMask = 2147483647;
			files = (
				06FD005B1AA3E5A2007F7ED0 /* Main.storyboard in Resources */,
				06FD00601AA3E5A2007F7ED0 /* LaunchScreen.xib in Resources */,
				06FD005D1AA3E5A2007F7ED0 /* Images.xcassets in Resources */,
			);
			runOnlyForDeploymentPostprocessing = 0;
		};
		06FD00631AA3E5A2007F7ED0 /* Resources */ = {
			isa = PBXResourcesBuildPhase;
			buildActionMask = 2147483647;
			files = (
			);
			runOnlyForDeploymentPostprocessing = 0;
		};
/* End PBXResourcesBuildPhase section */

/* Begin PBXSourcesBuildPhase section */
		06FD004C1AA3E5A2007F7ED0 /* Sources */ = {
			isa = PBXSourcesBuildPhase;
			buildActionMask = 2147483647;
			files = (
				06FD00581AA3E5A2007F7ED0 /* ViewController.swift in Sources */,
				06FD00561AA3E5A2007F7ED0 /* AppDelegate.swift in Sources */,
			);
			runOnlyForDeploymentPostprocessing = 0;
		};
		06FD00611AA3E5A2007F7ED0 /* Sources */ = {
			isa = PBXSourcesBuildPhase;
			buildActionMask = 2147483647;
			files = (
				06FD006C1AA3E5A2007F7ED0 /* Coffee_TimerTests.swift in Sources */,
			);
			runOnlyForDeploymentPostprocessing = 0;
		};
/* End PBXSourcesBuildPhase section */

/* Begin PBXTargetDependency section */
		06FD00671AA3E5A2007F7ED0 /* PBXTargetDependency */ = {
			isa = PBXTargetDependency;
			target = 06FD004F1AA3E5A2007F7ED0 /* Coffee Timer */;
			targetProxy = 06FD00661AA3E5A2007F7ED0 /* PBXContainerItemProxy */;
		};
/* End PBXTargetDependency section */

/* Begin PBXVariantGroup section */
		06FD00591AA3E5A2007F7ED0 /* Main.storyboard */ = {
			isa = PBXVariantGroup;
			children = (
				06FD005A1AA3E5A2007F7ED0 /* Base */,
			);
			name = Main.storyboard;
			sourceTree = "<group>";
		};
		06FD005E1AA3E5A2007F7ED0 /* LaunchScreen.xib */ = {
			isa = PBXVariantGroup;
			children = (
				06FD005F1AA3E5A2007F7ED0 /* Base */,
			);
			name = LaunchScreen.xib;
			sourceTree = "<group>";
		};
/* End PBXVariantGroup section */

/* Begin XCBuildConfiguration section */
		06FD006D1AA3E5A2007F7ED0 /* Debug */ = {
			isa = XCBuildConfiguration;
			buildSettings = {
				ALWAYS_SEARCH_USER_PATHS = NO;
				CLANG_CXX_LANGUAGE_STANDARD = "gnu++0x";
				CLANG_CXX_LIBRARY = "libc++";
				CLANG_ENABLE_MODULES = YES;
				CLANG_ENABLE_OBJC_ARC = YES;
				CLANG_WARN_BOOL_CONVERSION = YES;
				CLANG_WARN_CONSTANT_CONVERSION = YES;
				CLANG_WARN_DIRECT_OBJC_ISA_USAGE = YES_ERROR;
				CLANG_WARN_EMPTY_BODY = YES;
				CLANG_WARN_ENUM_CONVERSION = YES;
				CLANG_WARN_INT_CONVERSION = YES;
				CLANG_WARN_OBJC_ROOT_CLASS = YES_ERROR;
				CLANG_WARN_UNREACHABLE_CODE = YES;
				CLANG_WARN__DUPLICATE_METHOD_MATCH = YES;
				"CODE_SIGN_IDENTITY[sdk=iphoneos*]" = "iPhone Developer";
				COPY_PHASE_STRIP = NO;
				ENABLE_STRICT_OBJC_MSGSEND = YES;
				GCC_C_LANGUAGE_STANDARD = gnu99;
				GCC_DYNAMIC_NO_PIC = NO;
				GCC_OPTIMIZATION_LEVEL = 0;
				GCC_PREPROCESSOR_DEFINITIONS = (
					"DEBUG=1",
					"$(inherited)",
				);
				GCC_SYMBOLS_PRIVATE_EXTERN = NO;
				GCC_WARN_64_TO_32_BIT_CONVERSION = YES;
				GCC_WARN_ABOUT_RETURN_TYPE = YES_ERROR;
				GCC_WARN_UNDECLARED_SELECTOR = YES;
				GCC_WARN_UNINITIALIZED_AUTOS = YES_AGGRESSIVE;
				GCC_WARN_UNUSED_FUNCTION = YES;
				GCC_WARN_UNUSED_VARIABLE = YES;
				IPHONEOS_DEPLOYMENT_TARGET = 8.1;
				MTL_ENABLE_DEBUG_INFO = YES;
				ONLY_ACTIVE_ARCH = YES;
				SDKROOT = iphoneos;
				SWIFT_OPTIMIZATION_LEVEL = "-Onone";
			};
			name = Debug;
		};
		06FD006E1AA3E5A2007F7ED0 /* Release */ = {
			isa = XCBuildConfiguration;
			buildSettings = {
				ALWAYS_SEARCH_USER_PATHS = NO;
				CLANG_CXX_LANGUAGE_STANDARD = "gnu++0x";
				CLANG_CXX_LIBRARY = "libc++";
				CLANG_ENABLE_MODULES = YES;
				CLANG_ENABLE_OBJC_ARC = YES;
				CLANG_WARN_BOOL_CONVERSION = YES;
				CLANG_WARN_CONSTANT_CONVERSION = YES;
				CLANG_WARN_DIRECT_OBJC_ISA_USAGE = YES_ERROR;
				CLANG_WARN_EMPTY_BODY = YES;
				CLANG_WARN_ENUM_CONVERSION = YES;
				CLANG_WARN_INT_CONVERSION = YES;
				CLANG_WARN_OBJC_ROOT_CLASS = YES_ERROR;
				CLANG_WARN_UNREACHABLE_CODE = YES;
				CLANG_WARN__DUPLICATE_METHOD_MATCH = YES;
				"CODE_SIGN_IDENTITY[sdk=iphoneos*]" = "iPhone Developer";
				COPY_PHASE_STRIP = YES;
				ENABLE_NS_ASSERTIONS = NO;
				ENABLE_STRICT_OBJC_MSGSEND = YES;
				GCC_C_LANGUAGE_STANDARD = gnu99;
				GCC_WARN_64_TO_32_BIT_CONVERSION = YES;
				GCC_WARN_ABOUT_RETURN_TYPE = YES_ERROR;
				GCC_WARN_UNDECLARED_SELECTOR = YES;
				GCC_WARN_UNINITIALIZED_AUTOS = YES_AGGRESSIVE;
				GCC_WARN_UNUSED_FUNCTION = YES;
				GCC_WARN_UNUSED_VARIABLE = YES;
				IPHONEOS_DEPLOYMENT_TARGET = 8.1;
				MTL_ENABLE_DEBUG_INFO = NO;
				SDKROOT = iphoneos;
				VALIDATE_PRODUCT = YES;
			};
			name = Release;
		};
		06FD00701AA3E5A2007F7ED0 /* Debug */ = {
			isa = XCBuildConfiguration;
			buildSettings = {
				ASSETCATALOG_COMPILER_APPICON_NAME = AppIcon;
				INFOPLIST_FILE = "Coffee Timer/Info.plist";
				LD_RUNPATH_SEARCH_PATHS = "$(inherited) @executable_path/Frameworks";
				PRODUCT_NAME = "$(TARGET_NAME)";
			};
			name = Debug;
		};
		06FD00711AA3E5A2007F7ED0 /* Release */ = {
			isa = XCBuildConfiguration;
			buildSettings = {
				ASSETCATALOG_COMPILER_APPICON_NAME = AppIcon;
				INFOPLIST_FILE = "Coffee Timer/Info.plist";
				LD_RUNPATH_SEARCH_PATHS = "$(inherited) @executable_path/Frameworks";
				PRODUCT_NAME = "$(TARGET_NAME)";
			};
			name = Release;
		};
		06FD00731AA3E5A2007F7ED0 /* Debug */ = {
			isa = XCBuildConfiguration;
			buildSettings = {
				BUNDLE_LOADER = "$(TEST_HOST)";
				FRAMEWORK_SEARCH_PATHS = (
					"$(SDKROOT)/Developer/Library/Frameworks",
					"$(inherited)",
				);
				GCC_PREPROCESSOR_DEFINITIONS = (
					"DEBUG=1",
					"$(inherited)",
				);
				INFOPLIST_FILE = "Coffee TimerTests/Info.plist";
				LD_RUNPATH_SEARCH_PATHS = "$(inherited) @executable_path/Frameworks @loader_path/Frameworks";
				PRODUCT_NAME = "$(TARGET_NAME)";
				TEST_HOST = "$(BUILT_PRODUCTS_DIR)/Coffee Timer.app/Coffee Timer";
			};
			name = Debug;
		};
		06FD00741AA3E5A2007F7ED0 /* Release */ = {
			isa = XCBuildConfiguration;
			buildSettings = {
				BUNDLE_LOADER = "$(TEST_HOST)";
				FRAMEWORK_SEARCH_PATHS = (
					"$(SDKROOT)/Developer/Library/Frameworks",
					"$(inherited)",
				);
				INFOPLIST_FILE = "Coffee TimerTests/Info.plist";
				LD_RUNPATH_SEARCH_PATHS = "$(inherited) @executable_path/Frameworks @loader_path/Frameworks";
				PRODUCT_NAME = "$(TARGET_NAME)";
				TEST_HOST = "$(BUILT_PRODUCTS_DIR)/Coffee Timer.app/Coffee Timer";
			};
			name = Release;
		};
/* End XCBuildConfiguration section */

/* Begin XCConfigurationList section */
		06FD004B1AA3E5A2007F7ED0 /* Build configuration list for PBXProject "Coffee Timer" */ = {
			isa = XCConfigurationList;
			buildConfigurations = (
				06FD006D1AA3E5A2007F7ED0 /* Debug */,
				06FD006E1AA3E5A2007F7ED0 /* Release */,
			);
			defaultConfigurationIsVisible = 0;
			defaultConfigurationName = Release;
		};
		06FD006F1AA3E5A2007F7ED0 /* Build configuration list for PBXNativeTarget "Coffee Timer" */ = {
			isa = XCConfigurationList;
			buildConfigurations = (
				06FD00701AA3E5A2007F7ED0 /* Debug */,
				06FD00711AA3E5A2007F7ED0 /* Release */,
			);
			defaultConfigurationIsVisible = 0;
		};
		06FD00721AA3E5A2007F7ED0 /* Build configuration list for PBXNativeTarget "Coffee TimerTests" */ = {
			isa = XCConfigurationList;
			buildConfigurations = (
				06FD00731AA3E5A2007F7ED0 /* Debug */,
				06FD00741AA3E5A2007F7ED0 /* Release */,
			);
			defaultConfigurationIsVisible = 0;
		};
/* End XCConfigurationList section */
	};
	rootObject = 06FD00481AA3E5A2007F7ED0 /* Project object */;
}
